
Microsoft Visual Studio Solution File, Format Version 12.00
# Visual Studio Version 16
VisualStudioVersion = 16.0.31624.102
MinimumVisualStudioVersion = 10.0.40219.1
Project("{8BC9CEB8-8B4A-11D0-8D11-00A0C91BC942}") = "randwalk", "randwalk.vcxproj", "{4CDC64DD-1709-42DF-9D97-1A0787D20DAC}"
EndProject
Global
	GlobalSection(SolutionConfigurationPlatforms) = preSolution
		Debug|x64 = Debug|x64
		Debug|x86 = Debug|x86
		Release|x64 = Release|x64
		Release|x86 = Release|x86
	EndGlobalSection
	GlobalSection(ProjectConfigurationPlatforms) = postSolution
		{4CDC64DD-1709-42DF-9D97-1A0787D20DAC}.Debug|x64.ActiveCfg = Debug|x64
		{4CDC64DD-1709-42DF-9D97-1A0787D20DAC}.Debug|x64.Build.0 = Debug|x64
		{4CDC64DD-1709-42DF-9D97-1A0787D20DAC}.Debug|x86.ActiveCfg = Debug|Win32
		{4CDC64DD-1709-42DF-9D97-1A0787D20DAC}.Debug|x86.Build.0 = Debug|Win32
		{4CDC64DD-1709-42DF-9D97-1A0787D20DAC}.Release|x64.ActiveCfg = Release|x64
		{4CDC64DD-1709-42DF-9D97-1A0787D20DAC}.Release|x64.Build.0 = Release|x64
		{4CDC64DD-1709-42DF-9D97-1A0787D20DAC}.Release|x86.ActiveCfg = Release|Win32
		{4CDC64DD-1709-42DF-9D97-1A0787D20DAC}.Release|x86.Build.0 = Release|Win32
	EndGlobalSection
	GlobalSection(SolutionProperties) = preSolution
		HideSolutionNode = FALSE
	EndGlobalSection
	GlobalSection(ExtensibilityGlobals) = postSolution
		SolutionGuid = {A4892CA2-A61E-44D7-9367-ED55731D5BB0}
	EndGlobalSection
EndGlobal
